Microsoft Visual Studio Solution File, Format Version 12.00
# Visual Studio Version 17
VisualStudioVersion = 17.5.2.0
MinimumVisualStudioVersion = 10.0.40219.1
Project("{FAE04EC0-301F-11D3-BF4B-00C04F79EFBC}") = "10.ListasDeCompras", "10.ListasDeCompras.csproj", "{AC47D37B-297A-868B-C058-5FCBF317D37E}"
EndProject
Global
	GlobalSection(SolutionConfigurationPlatforms) = preSolution
		Debug|Any CPU = Debug|Any CPU
		Release|Any CPU = Release|Any CPU
	EndGlobalSection
	GlobalSection(ProjectConfigurationPlatforms) = postSolution
		{AC47D37B-297A-868B-C058-5FCBF317D37E}.Debug|Any CPU.ActiveCfg = Debug|Any CPU
		{AC47D37B-297A-868B-C058-5FCBF317D37E}.Debug|Any CPU.Build.0 = Debug|Any CPU
		{AC47D37B-297A-868B-C058-5FCBF317D37E}.Release|Any CPU.ActiveCfg = Release|Any CPU
		{AC47D37B-297A-868B-C058-5FCBF317D37E}.Release|Any CPU.Build.0 = Release|Any CPU
	EndGlobalSection
	GlobalSection(SolutionProperties) = preSolution
		HideSolutionNode = FALSE
	EndGlobalSection
	GlobalSection(ExtensibilityGlobals) = postSolution
		SolutionGuid = {6F1A5A65-AF2D-417E-B016-B629A91B1142}
	EndGlobalSection
EndGlobal
